github.com/StackExchange/wmi v0.0.0-20190523213315-cbe66965904d h1:G0m3OIz70MZUWq3EgK3CesDbo8upS2Vm9/P3FtgI+Jk=
github.com/StackExchange/wmi v0.0.0-20190523213315-cbe66965904d/go.mod h1:3eOhrUMpNV+6aFIbp5/iudMxNCF27Vw2OZgy4xEx0Fg=
github.com/davecgh/go-spew v1.1.0 h1:ZDRjVQ15GmhC3fiQ8ni8+OwkZQO4DARzQgrnXU1Liz8=
github.com/davecgh/go-spew v1.1.0/go.mod h1:J7Y8YcW2NihsgmVo/mv3lAwl/skON4iLHjSsI+c5H38=
github.com/go-ole/go-ole v1.2.4 h1:nNBDSCOigTSiarFpYE9J/KtEA1IOW4CNeqT9TQDqCxI=
github.com/go-ole/go-ole v1.2.4/go.mod h1:XCwSNxSkXRo4vlyPy93sltvi/qJq0jqQhjqQNIwKuxM=
github.com/keybase/go-ps v0.0.0-20190827175125-91aafc93ba19 h1:WjT3fLi9n8YWh/Ih8Q1LHAPsTqGddPcHqscN+PJ3i68=
github.com/keybase/go-ps v0.0.0-20190827175125-91aafc93ba19/go.mod h1:hY+WOq6m2FpbvyrI93sMaypsttvaIL5nhVR92dTMUcQ=
github.com/pmezard/go-difflib v1.0.0 h1:4DBwDE0NGyQoBHbLQYPwSUPoCMWR5BEzIk/f1lZbAQM=
github.com/pmezard/go-difflib v1.0.0/go.mod h1:iKH77koFhYxTK1pcRnkKkqfTogsbg7gZNVY4sRDYZ/4=
github.com/shirou/gopsutil v2.20.4+incompatible h1:cMT4rxS55zx9NVUnCkrmXCsEB/RNfG9SwHY9evtX8Ng=
github.com/shirou/gopsutil v2.20.4+incompatible/go.mod h1:5b4v6he4MtMOwMlS0TUMTu2PcXUg8+E1lC7eC3UO/RA=
github.com/stretchr/objx v0.1.0/go.mod h1:HFkY916IF+rwdDfMAkV7OtwuqBVzrE8GR6GFx+wExME=
github.com/stretchr/testify v1.3.0 h1:TivCn/peBQ7UY8ooIcPgZFpTNSz0Q2U6UrFlUfqbe0Q=
github.com/stretchr/testify v1.3.0/go.mod h1:M5WIy9Dh21IEIfnGCwXGc5bZfKNJtfHm1UVUgZn+9EI=
github.com/xlab/treeprint v1.0.0 h1:J0TkWtiuYgtdlrkkrDLISYBQ92M+X5m4LrIIMKrbDTs=
github.com/xlab/treeprint v1.0.0/go.mod h1:IoImgRak9i3zJyuxOKUP1v4UZd1tMoKkq/Cimt1uhCg=
golang.org/x/sys v0.0.0-20200515095857-1151b9dac4a9 h1:YTzHMGlqJu67/uEo1lBv0n3wBXhXNeUbB1XfN2vmTm0=
golang.org/x/sys v0.0.0-20200515095857-1151b9dac4a9/go.mod h1:h1NjWce9XRLGQEsW7wpKNCjG9DtNlClVuFLEZdDNbEs=
rsc.io/goversion v1.2.0 h1:SPn+NLTiAG7w30IRK/DKp1BjvpWabYgxlLp/+kx5J8w=
rsc.io/goversion v1.2.0/go.mod h1:Eih9y/uIBS3ulggl7KNJ09xGSLcuNaLgmvvqa07sgfo=
