# This file is autogenerated, do not edit; changes may be undone by the next 'dep ensure'.


[[projects]]
  branch = "master"
  name = "github.com/kardianos/osext"
  packages = ["."]
  revision = "ae77be60afb1dcacde03767a8c37337fad28ac14"

[[projects]]
  branch = "master"
  name = "github.com/keybase/go-ps"
  packages = [".","darwincgo"]
  revision = "668c8856d9992f97248b3177d45743d2cc1068db"

[[projects]]
  branch = "master"
  name = "golang.org/x/arch"
  packages = ["arm/armasm","ppc64/ppc64asm","x86/x86asm"]
  revision = "f185940480d2c897e1ca8cf2f1be122e1258341b"

[[projects]]
  name = "rsc.io/goversion"
  packages = ["version"]
  revision = "84cd9d26d7efce780a7aaafd0944961371da741f"
  version = "v1.0.0"

[solve-meta]
  analyzer-name = "dep"
  analyzer-version = 1
  inputs-digest = "4b494828d559e89fc1fe70b9bfdd0f5c8ad62ee16258a3b2bcf1028c140faa32"
  solver-name = "gps-cdcl"
  solver-version = 1
